
Microsoft Visual Studio Solution File, Format Version 12.00
# Visual Studio Version 16
VisualStudioVersion = 16.0.33214.272
MinimumVisualStudioVersion = 10.0.40219.1
Project("{FAE04EC0-301F-11D3-BF4B-00C04F79EFBC}") = "Mission8_sec03_01", "Mission8_sec03_01\Mission8_sec03_01.csproj", "{437C2506-3355-4ED4-B17A-2B1DF40866A8}"
EndProject
Global
	GlobalSection(SolutionConfigurationPlatforms) = preSolution
		Debug|Any CPU = Debug|Any CPU
		Release|Any CPU = Release|Any CPU
	EndGlobalSection
	GlobalSection(ProjectConfigurationPlatforms) = postSolution
		{437C2506-3355-4ED4-B17A-2B1DF40866A8}.Debug|Any CPU.ActiveCfg = Debug|Any CPU
		{437C2506-3355-4ED4-B17A-2B1DF40866A8}.Debug|Any CPU.Build.0 = Debug|Any CPU
		{437C2506-3355-4ED4-B17A-2B1DF40866A8}.Release|Any CPU.ActiveCfg = Release|Any CPU
		{437C2506-3355-4ED4-B17A-2B1DF40866A8}.Release|Any CPU.Build.0 = Release|Any CPU
	EndGlobalSection
	GlobalSection(SolutionProperties) = preSolution
		HideSolutionNode = FALSE
	EndGlobalSection
	GlobalSection(ExtensibilityGlobals) = postSolution
		SolutionGuid = {EA327388-9E07-499A-86DD-6B65262ECC3F}
	EndGlobalSection
EndGlobal
